[
  {
    "mod_name": "skse64",
    "targets": [
      "/home/deck/src/skrim/mocks/game_dir/skse64_loader.exe",
      "/home/deck/src/skrim/mocks/game_dir/skse64_1_7_104.dll",
      "/home/deck/src/skrim/mocks/game_dir/Data/Scripts/wornobject.pex",
      "/home/deck/src/skrim/mocks/game_dir/Data/Scripts/weather.pex",
      "/home/deck/src/skrim/mocks/game_dir/Data/Scripts/weapon.pex",
      "/home/deck/src/skrim/mocks/game_dir/Data/Scripts/utility.pex",
      "/home/deck/src/skrim/mocks/game_dir/Data/Scripts/uicallback.pex",
      "/home/deck/src/skrim/mocks/game_dir/Data/Scripts/ui.pex",
      "/home/deck/src/skrim/mocks/game_dir/Data/Scripts/treeobject.pex",
      "/home/deck/src/skrim/mocks/game_dir/Data/Scripts/textureset.pex",
      "/home/deck/src/skrim/mocks/game_dir/Data/Scripts/stringutil.pex",
      "/home/deck/src/skrim/mocks/game_dir/Data/Scripts/spell.pex",
      "/home/deck/src/skrim/mocks/game_dir/Data/Scripts/spawnertask.pex",
      "/home/deck/src/skrim/mocks/game_dir/Data/Scripts/sounddescriptor.pex",
      "/home/deck/src/skrim/mocks/game_dir/Data/Scripts/sound.pex",
      "/home/deck/src/skrim/mocks/game_dir/Data/Scripts/soulgem.pex",
      "/home/deck/src/skrim/mocks/game_dir/Data/Scripts/skse.pex",
      "/home/deck/src/skrim/mocks/game_dir/Data/Scripts/shout.pex",
      "/home/deck/src/skrim/mocks/game_dir/Data/Scripts/scroll.pex",
      "/home/deck/src/skrim/mocks/game_dir/Data/Scripts/race.pex",
      "/home/deck/src/skrim/mocks/game_dir/Data/Scripts/quest.pex",
      "/home/deck/src/skrim/mocks/game_dir/Data/Scripts/potion.pex",
      "/home/deck/src/skrim/mocks/game_dir/Data/Scripts/perk.pex",
      "/home/deck/src/skrim/mocks/game_dir/Data/Scripts/outfit.pex",
      "/home/deck/src/skrim/mocks/game_dir/Data/Scripts/objectreference.pex",
      "/home/deck/src/skrim/mocks/game_dir/Data/Scripts/netimmerse.pex",
      "/home/deck/src/skrim/mocks/game_dir/Data/Scripts/modevent.pex",
      "/home/deck/src/skrim/mocks/game_dir/Data/Scripts/math.pex",
      "/home/deck/src/skrim/mocks/game_dir/Data/Scripts/magiceffect.pex",
      "/home/deck/src/skrim/mocks/game_dir/Data/Scripts/location.pex",
      "/home/deck/src/skrim/mocks/game_dir/Data/Scripts/leveledspell.pex",
      "/home/deck/src/skrim/mocks/game_dir/Data/Scripts/leveleditem.pex",
      "/home/deck/src/skrim/mocks/game_dir/Data/Scripts/leveledactor.pex",
      "/home/deck/src/skrim/mocks/game_dir/Data/Scripts/keyword.pex",
      "/home/deck/src/skrim/mocks/game_dir/Data/Scripts/input.pex",
      "/home/deck/src/skrim/mocks/game_dir/Data/Scripts/ingredient.pex",
      "/home/deck/src/skrim/mocks/game_dir/Data/Scripts/headpart.pex",
      "/home/deck/src/skrim/mocks/game_dir/Data/Scripts/gamedata.pex",
      "/home/deck/src/skrim/mocks/game_dir/Data/Scripts/game.pex",
      "/home/deck/src/skrim/mocks/game_dir/Data/Scripts/formtype.pex",
      "/home/deck/src/skrim/mocks/game_dir/Data/Scripts/formlist.pex",
      "/home/deck/src/skrim/mocks/game_dir/Data/Scripts/form.pex",
      "/home/deck/src/skrim/mocks/game_dir/Data/Scripts/flora.pex",
      "/home/deck/src/skrim/mocks/game_dir/Data/Scripts/faction.pex",
      "/home/deck/src/skrim/mocks/game_dir/Data/Scripts/equipslot.pex",
      "/home/deck/src/skrim/mocks/game_dir/Data/Scripts/enchantment.pex",
      "/home/deck/src/skrim/mocks/game_dir/Data/Scripts/defaultobjectmanager.pex",
      "/home/deck/src/skrim/mocks/game_dir/Data/Scripts/constructibleobject.pex",
      "/home/deck/src/skrim/mocks/game_dir/Data/Scripts/combatstyle.pex",
      "/home/deck/src/skrim/mocks/game_dir/Data/Scripts/colorform.pex",
      "/home/deck/src/skrim/mocks/game_dir/Data/Scripts/colorcomponent.pex",
      "/home/deck/src/skrim/mocks/game_dir/Data/Scripts/cell.pex",
      "/home/deck/src/skrim/mocks/game_dir/Data/Scripts/camera.pex",
      "/home/deck/src/skrim/mocks/game_dir/Data/Scripts/book.pex",
      "/home/deck/src/skrim/mocks/game_dir/Data/Scripts/art.pex",
      "/home/deck/src/skrim/mocks/game_dir/Data/Scripts/armoraddon.pex",
      "/home/deck/src/skrim/mocks/game_dir/Data/Scripts/armor.pex",
      "/home/deck/src/skrim/mocks/game_dir/Data/Scripts/apparatus.pex",
      "/home/deck/src/skrim/mocks/game_dir/Data/Scripts/ammo.pex",
      "/home/deck/src/skrim/mocks/game_dir/Data/Scripts/alias.pex",
      "/home/deck/src/skrim/mocks/game_dir/Data/Scripts/actorvalueinfo.pex",
      "/home/deck/src/skrim/mocks/game_dir/Data/Scripts/actorbase.pex",
      "/home/deck/src/skrim/mocks/game_dir/Data/Scripts/actor.pex",
      "/home/deck/src/skrim/mocks/game_dir/Data/Scripts/activemagiceffect.pex",
      "/home/deck/src/skrim/mocks/game_dir/Data/Scripts/Source/WornObject.psc",
      "/home/deck/src/skrim/mocks/game_dir/Data/Scripts/Source/Weather.psc",
      "/home/deck/src/skrim/mocks/game_dir/Data/Scripts/Source/Weapon.psc",
      "/home/deck/src/skrim/mocks/game_dir/Data/Scripts/Source/Utility.psc",
      "/home/deck/src/skrim/mocks/game_dir/Data/Scripts/Source/UICallback.psc",
      "/home/deck/src/skrim/mocks/game_dir/Data/Scripts/Source/UI.psc",
      "/home/deck/src/skrim/mocks/game_dir/Data/Scripts/Source/TreeObject.psc",
      "/home/deck/src/skrim/mocks/game_dir/Data/Scripts/Source/TextureSet.psc",
      "/home/deck/src/skrim/mocks/game_dir/Data/Scripts/Source/StringUtil.psc",
      "/home/deck/src/skrim/mocks/game_dir/Data/Scripts/Source/Spell.psc",
      "/home/deck/src/skrim/mocks/game_dir/Data/Scripts/Source/SpawnerTask.psc",
      "/home/deck/src/skrim/mocks/game_dir/Data/Scripts/Source/SoundDescriptor.psc",
      "/home/deck/src/skrim/mocks/game_dir/Data/Scripts/Source/Sound.psc",
      "/home/deck/src/skrim/mocks/game_dir/Data/Scripts/Source/SoulGem.psc",
      "/home/deck/src/skrim/mocks/game_dir/Data/Scripts/Source/SKSE.psc",
      "/home/deck/src/skrim/mocks/game_dir/Data/Scripts/Source/Shout.psc",
      "/home/deck/src/skrim/mocks/game_dir/Data/Scripts/Source/Scroll.psc",
      "/home/deck/src/skrim/mocks/game_dir/Data/Scripts/Source/Race.psc",
      "/home/deck/src/skrim/mocks/game_dir/Data/Scripts/Source/Quest.psc",
      "/home/deck/src/skrim/mocks/game_dir/Data/Scripts/Source/Potion.psc",
      "/home/deck/src/skrim/mocks/game_dir/Data/Scripts/Source/Perk.psc",
      "/home/deck/src/skrim/mocks/game_dir/Data/Scripts/Source/Outfit.psc",
      "/home/deck/src/skrim/mocks/game_dir/Data/Scripts/Source/ObjectReference.psc",
      "/home/deck/src/skrim/mocks/game_dir/Data/Scripts/Source/NetImmerse.psc",
      "/home/deck/src/skrim/mocks/game_dir/Data/Scripts/Source/ModEvent.psc",
      "/home/deck/src/skrim/mocks/game_dir/Data/Scripts/Source/Math.psc",
      "/home/deck/src/skrim/mocks/game_dir/Data/Scripts/Source/MagicEffect.psc",
      "/home/deck/src/skrim/mocks/game_dir/Data/Scripts/Source/Location.psc",
      "/home/deck/src/skrim/mocks/game_dir/Data/Scripts/Source/LeveledSpell.psc",
      "/home/deck/src/skrim/mocks/game_dir/Data/Scripts/Source/LeveledItem.psc",
      "/home/deck/src/skrim/mocks/game_dir/Data/Scripts/Source/LeveledActor.psc",
      "/home/deck/src/skrim/mocks/game_dir/Data/Scripts/Source/Keyword.psc",
      "/home/deck/src/skrim/mocks/game_dir/Data/Scripts/Source/Input.psc",
      "/home/deck/src/skrim/mocks/game_dir/Data/Scripts/Source/Ingredient.psc",
      "/home/deck/src/skrim/mocks/game_dir/Data/Scripts/Source/HeadPart.psc",
      "/home/deck/src/skrim/mocks/game_dir/Data/Scripts/Source/GameData.psc",
      "/home/deck/src/skrim/mocks/game_dir/Data/Scripts/Source/Game.psc",
      "/home/deck/src/skrim/mocks/game_dir/Data/Scripts/Source/FormType.psc",
      "/home/deck/src/skrim/mocks/game_dir/Data/Scripts/Source/FormList.psc",
      "/home/deck/src/skrim/mocks/game_dir/Data/Scripts/Source/Form.psc",
      "/home/deck/src/skrim/mocks/game_dir/Data/Scripts/Source/Flora.psc",
      "/home/deck/src/skrim/mocks/game_dir/Data/Scripts/Source/Faction.psc",
      "/home/deck/src/skrim/mocks/game_dir/Data/Scripts/Source/EquipSlot.psc",
      "/home/deck/src/skrim/mocks/game_dir/Data/Scripts/Source/Enchantment.psc",
      "/home/deck/src/skrim/mocks/game_dir/Data/Scripts/Source/DefaultObjectManager.psc",
      "/home/deck/src/skrim/mocks/game_dir/Data/Scripts/Source/ConstructibleObject.psc",
      "/home/deck/src/skrim/mocks/game_dir/Data/Scripts/Source/CombatStyle.psc",
      "/home/deck/src/skrim/mocks/game_dir/Data/Scripts/Source/ColorForm.psc",
      "/home/deck/src/skrim/mocks/game_dir/Data/Scripts/Source/ColorComponent.psc",
      "/home/deck/src/skrim/mocks/game_dir/Data/Scripts/Source/Cell.psc",
      "/home/deck/src/skrim/mocks/game_dir/Data/Scripts/Source/Camera.psc",
      "/home/deck/src/skrim/mocks/game_dir/Data/Scripts/Source/Book.psc",
      "/home/deck/src/skrim/mocks/game_dir/Data/Scripts/Source/Art.psc",
      "/home/deck/src/skrim/mocks/game_dir/Data/Scripts/Source/ArmorAddon.psc",
      "/home/deck/src/skrim/mocks/game_dir/Data/Scripts/Source/Armor.psc",
      "/home/deck/src/skrim/mocks/game_dir/Data/Scripts/Source/Apparatus.psc",
      "/home/deck/src/skrim/mocks/game_dir/Data/Scripts/Source/Ammo.psc",
      "/home/deck/src/skrim/mocks/game_dir/Data/Scripts/Source/Alias.psc",
      "/home/deck/src/skrim/mocks/game_dir/Data/Scripts/Source/ActorValueInfo.psc",
      "/home/deck/src/skrim/mocks/game_dir/Data/Scripts/Source/ActorBase.psc",
      "/home/deck/src/skrim/mocks/game_dir/Data/Scripts/Source/Actor.psc",
      "/home/deck/src/skrim/mocks/game_dir/Data/Scripts/Source/ActiveMagicEffect.psc"
    ],
    "fomod_choices": null
  },
  {
    "mod_name": "address_library",
    "targets": [
      "/home/deck/src/skrim/mocks/game_dir/Data/SKSE/Plugins/versionlib-1-7-104-0.bin",
      "/home/deck/src/skrim/mocks/game_dir/Data/SKSE/Plugins/versionlib-1-7-99-0.bin",
      "/home/deck/src/skrim/mocks/game_dir/Data/SKSE/Plugins/version-1-5-80-0.bin",
      "/home/deck/src/skrim/mocks/game_dir/Data/SKSE/Plugins/version-1-5-73-0.bin",
      "/home/deck/src/skrim/mocks/game_dir/Data/SKSE/Plugins/version-1-5-62-0.bin",
      "/home/deck/src/skrim/mocks/game_dir/Data/SKSE/Plugins/version-1-5-53-0.bin",
      "/home/deck/src/skrim/mocks/game_dir/Data/SKSE/Plugins/version-1-5-50-0.bin",
      "/home/deck/src/skrim/mocks/game_dir/Data/SKSE/Plugins/version-1-5-39-0.bin",
      "/home/deck/src/skrim/mocks/game_dir/Data/SKSE/Plugins/version-1-5-23-0.bin",
      "/home/deck/src/skrim/mocks/game_dir/Data/SKSE/Plugins/version-1-5-16-0.bin",
      "/home/deck/src/skrim/mocks/game_dir/Data/SKSE/Plugins/version-1-5-3-0.bin",
      "/home/deck/src/skrim/mocks/game_dir/Data/SKSE/Plugins/version-1-5-97-0.bin",
      "/home/deck/src/skrim/mocks/game_dir/Data/SKSE/Plugins/versionlib-1-6-1179-0.bin",
      "/home/deck/src/skrim/mocks/game_dir/Data/SKSE/Plugins/versionlib-1-6-1170-0.bin",
      "/home/deck/src/skrim/mocks/game_dir/Data/SKSE/Plugins/versionlib-1-6-1170-0-1.bin",
      "/home/deck/src/skrim/mocks/game_dir/Data/SKSE/Plugins/versionlib-1-6-1130-0.bin",
      "/home/deck/src/skrim/mocks/game_dir/Data/SKSE/Plugins/versionlib-1-6-659-0.bin",
      "/home/deck/src/skrim/mocks/game_dir/Data/SKSE/Plugins/versionlib-1-6-640-0.bin",
      "/home/deck/src/skrim/mocks/game_dir/Data/SKSE/Plugins/versionlib-1-6-629-0.bin",
      "/home/deck/src/skrim/mocks/game_dir/Data/SKSE/Plugins/versionlib-1-6-353-0.bin",
      "/home/deck/src/skrim/mocks/game_dir/Data/SKSE/Plugins/versionlib-1-6-342-0.bin",
      "/home/deck/src/skrim/mocks/game_dir/Data/SKSE/Plugins/versionlib-1-6-323-0.bin",
      "/home/deck/src/skrim/mocks/game_dir/Data/SKSE/Plugins/versionlib-1-6-317-0.bin",
      "/home/deck/src/skrim/mocks/game_dir/Data/SKSE/Plugins/versionlib-1-6-318-0.bin"
    ],
    "fomod_choices": null
  },
  {
    "mod_name": "powerofthree_tweaks",
    "targets": [
      "/home/deck/src/skrim/mocks/game_dir/Data/scripts/po3_Tweaks.pex",
      "/home/deck/src/skrim/mocks/game_dir/Data/source/scripts/po3_Tweaks.psc",
      "/home/deck/src/skrim/mocks/game_dir/Data/SKSE/Plugins/po3_Tweaks.dll",
      "/home/deck/src/skrim/mocks/game_dir/Data/SKSE/Plugins/po3_Tweaks.pdb"
    ],
    "fomod_choices": {
      "DLL": "SSE/AE v1.7.99+ (\"Anniversary/Special Edition\")"
    }
  },
  {
    "mod_name": "ussep",
    "targets": [
      "/home/deck/src/skrim/mocks/game_dir/Data/unofficial skyrim special edition patch.esp",
      "/home/deck/src/skrim/mocks/game_dir/Data/unofficial skyrim special edition patch.bsa",
      "/home/deck/src/skrim/mocks/game_dir/Data/unofficial skyrim special edition patch - textures.bsa"
    ],
    "fomod_choices": null
  },
  {
    "mod_name": "achievements_mods_enabler",
    "targets": [
      "/home/deck/src/skrim/mocks/game_dir/Data/Plugins/Sumwunn/AchievementsModsEnabler.ini",
      "/home/deck/src/skrim/mocks/game_dir/Data/Plugins/Sumwunn/AchievementsModsEnabler.dll_Exports.txt",
      "/home/deck/src/skrim/mocks/game_dir/Data/Plugins/Sumwunn/AchievementsModsEnabler.dll",
      "/home/deck/src/skrim/mocks/game_dir/Data/SKSE/Plugins/AchievementsModsEnablerLoader.dll"
    ],
    "fomod_choices": null
  },
  {
    "mod_name": "alternate_start",
    "targets": [
      "/home/deck/src/skrim/mocks/game_dir/Data/alternate start - live another life.esp",
      "/home/deck/src/skrim/mocks/game_dir/Data/alternate start - live another life.bsa",
      "/home/deck/src/skrim/mocks/game_dir/Data/alternate start - live another life - textures.bsa"
    ],
    "fomod_choices": null
  },
  {
    "mod_name": "skyui",
    "targets": [
      "/home/deck/src/skrim/mocks/game_dir/Data/SkyUI_SE.esp",
      "/home/deck/src/skrim/mocks/game_dir/Data/SkyUI_SE.bsa"
    ],
    "fomod_choices": null
  }
]